
Microsoft Visual Studio Solution File, Format Version 12.00
# Visual Studio Version 17
VisualStudioVersion = 17.5.33516.290
MinimumVisualStudioVersion = 10.0.40219.1
Project("{FAE04EC0-301F-11D3-BF4B-00C04F79EFBC}") = "57", "57.csproj", "{827412D5-7623-4415-B6B7-785FCEC8B0C8}"
EndProject
Global
	GlobalSection(SolutionConfigurationPlatforms) = preSolution
		Debug|Any CPU = Debug|Any CPU
		Release|Any CPU = Release|Any CPU
	EndGlobalSection
	GlobalSection(ProjectConfigurationPlatforms) = postSolution
		{827412D5-7623-4415-B6B7-785FCEC8B0C8}.Debug|Any CPU.ActiveCfg = Debug|Any CPU
		{827412D5-7623-4415-B6B7-785FCEC8B0C8}.Debug|Any CPU.Build.0 = Debug|Any CPU
		{827412D5-7623-4415-B6B7-785FCEC8B0C8}.Release|Any CPU.ActiveCfg = Release|Any CPU
		{827412D5-7623-4415-B6B7-785FCEC8B0C8}.Release|Any CPU.Build.0 = Release|Any CPU
	EndGlobalSection
	GlobalSection(SolutionProperties) = preSolution
		HideSolutionNode = FALSE
	EndGlobalSection
	GlobalSection(ExtensibilityGlobals) = postSolution
		SolutionGuid = {3FBD9679-AB3A-4D50-8500-778E61AB7FC8}
	EndGlobalSection
EndGlobal
